
Microsoft Visual Studio Solution File, Format Version 12.00
# Visual Studio Version 17
VisualStudioVersion = 17.5.33424.131
MinimumVisualStudioVersion = 10.0.40219.1
Project("{FAE04EC0-301F-11D3-BF4B-00C04F79EFBC}") = "EjerciciosSesion3", "EjerciciosSesion3\EjerciciosSesion3.csproj", "{674B4DB2-652A-4BB3-BA1A-44B4D7D15270}"
EndProject
Global
	GlobalSection(SolutionConfigurationPlatforms) = preSolution
		Debug|Any CPU = Debug|Any CPU
		Release|Any CPU = Release|Any CPU
	EndGlobalSection
	GlobalSection(ProjectConfigurationPlatforms) = postSolution
		{674B4DB2-652A-4BB3-BA1A-44B4D7D15270}.Debug|Any CPU.ActiveCfg = Debug|Any CPU
		{674B4DB2-652A-4BB3-BA1A-44B4D7D15270}.Debug|Any CPU.Build.0 = Debug|Any CPU
		{674B4DB2-652A-4BB3-BA1A-44B4D7D15270}.Release|Any CPU.ActiveCfg = Release|Any CPU
		{674B4DB2-652A-4BB3-BA1A-44B4D7D15270}.Release|Any CPU.Build.0 = Release|Any CPU
	EndGlobalSection
	GlobalSection(SolutionProperties) = preSolution
		HideSolutionNode = FALSE
	EndGlobalSection
	GlobalSection(ExtensibilityGlobals) = postSolution
		SolutionGuid = {AD516B46-4C4C-4740-8F92-34035B4C76A1}
	EndGlobalSection
EndGlobal
